<?xml version="1.0" encoding="utf-8"?>
 <Project ToolsVersion="4.0" xmlns="http://schemas.microsoft.com/developer/msbuild/2003">
   <ItemGroup>
     <Filter Include="Source Files">
       <UniqueIdentifier>{4FC737F1-C7A5-4376-A066-2A32D752A2FF}</UniqueIdentifier>
       <Extensions>cpp;c;cc;cxx;c++;cppm;ixx;def;odl;idl;hpj;bat;asm;asmx</Extensions>
     </Filter>
     <Filter Include="Header Files">
       <UniqueIdentifier>{93995380-89BD-4b04-88EB-625FBE52EBFB}</UniqueIdentifier>
       <Extensions>h;hh;hpp;hxx;h++;hm;inl;inc;ipp;xsd</Extensions>
     </Filter>
     <Filter Include="Dear ImGui">
       <UniqueIdentifier>{B1E3C5F0-1234-5678-9ABC-DEF012345678}</UniqueIdentifier>
     </Filter>
     <Filter Include="Dear ImGui\Backends">
       <UniqueIdentifier>{C2E4D6F1-2345-6789-ABCD-EF0123456789}</UniqueIdentifier>
     </Filter>
   </ItemGroup>
   <ItemGroup>
     <ClCompile Include="main.cpp">
       <Filter>Source Files</Filter>
     </ClCompile>
      <ClCompile Include="deps\imgui\imgui.cpp">
       <Filter>Dear ImGui</Filter>
     </ClCompile>
      <ClCompile Include="deps\imgui\imgui_draw.cpp">
       <Filter>Dear ImGui</Filter>
     </ClCompile>
      <ClCompile Include="deps\imgui\imgui_tables.cpp">
       <Filter>Dear ImGui</Filter>
     </ClCompile>
      <ClCompile Include="deps\imgui\imgui_widgets.cpp">
       <Filter>Dear ImGui</Filter>
     </ClCompile>
      <ClCompile Include="deps\imgui\imgui_demo.cpp">
       <Filter>Dear ImGui</Filter>
     </ClCompile>
      <ClCompile Include="deps\imgui\backends\imgui_impl_dx9.cpp">
       <Filter>Dear ImGui\Backends</Filter>
     </ClCompile>
      <ClCompile Include="deps\imgui\backends\imgui_impl_win32.cpp">
       <Filter>Dear ImGui\Backends</Filter>
     </ClCompile>
   </ItemGroup>
   <ItemGroup>
      <ClInclude Include="deps\imgui\imgui.h">
       <Filter>Dear ImGui</Filter>
     </ClInclude>
      <ClInclude Include="deps\imgui\imgui_internal.h">
       <Filter>Dear ImGui</Filter>
     </ClInclude>
      <ClInclude Include="deps\imgui\imconfig.h">
       <Filter>Dear ImGui</Filter>
     </ClInclude>
      <ClInclude Include="deps\imgui\backends\imgui_impl_dx9.h">
       <Filter>Dear ImGui\Backends</Filter>
     </ClInclude>
      <ClInclude Include="deps\imgui\backends\imgui_impl_win32.h">
       <Filter>Dear ImGui\Backends</Filter>
     </ClInclude>
   </ItemGroup>
 </Project>
 